
Microsoft Visual Studio Solution File, Format Version 12.00
# Visual Studio Version 16
VisualStudioVersion = 16.0.31613.86
MinimumVisualStudioVersion = 10.0.40219.1
Project("{FAE04EC0-301F-11D3-BF4B-00C04F79EFBC}") = "IsItALeapYear", "IsItALeapYear\IsItALeapYear.csproj", "{D53B5100-43F4-4867-B2E7-486BC374BE4B}"
EndProject
Project("{FAE04EC0-301F-11D3-BF4B-00C04F79EFBC}") = "UnitTestProject1", "UnitTestProject1\UnitTestProject1.csproj", "{0CA78A24-0665-44D2-8813-CCF334B7A7EB}"
EndProject
Global
	GlobalSection(SolutionConfigurationPlatforms) = preSolution
		Debug|Any CPU = Debug|Any CPU
		Release|Any CPU = Release|Any CPU
	EndGlobalSection
	GlobalSection(ProjectConfigurationPlatforms) = postSolution
		{D53B5100-43F4-4867-B2E7-486BC374BE4B}.Debug|Any CPU.ActiveCfg = Debug|Any CPU
		{D53B5100-43F4-4867-B2E7-486BC374BE4B}.Debug|Any CPU.Build.0 = Debug|Any CPU
		{D53B5100-43F4-4867-B2E7-486BC374BE4B}.Release|Any CPU.ActiveCfg = Release|Any CPU
		{D53B5100-43F4-4867-B2E7-486BC374BE4B}.Release|Any CPU.Build.0 = Release|Any CPU
		{0CA78A24-0665-44D2-8813-CCF334B7A7EB}.Debug|Any CPU.ActiveCfg = Debug|Any CPU
		{0CA78A24-0665-44D2-8813-CCF334B7A7EB}.Debug|Any CPU.Build.0 = Debug|Any CPU
		{0CA78A24-0665-44D2-8813-CCF334B7A7EB}.Release|Any CPU.ActiveCfg = Release|Any CPU
		{0CA78A24-0665-44D2-8813-CCF334B7A7EB}.Release|Any CPU.Build.0 = Release|Any CPU
	EndGlobalSection
	GlobalSection(SolutionProperties) = preSolution
		HideSolutionNode = FALSE
	EndGlobalSection
	GlobalSection(ExtensibilityGlobals) = postSolution
		SolutionGuid = {FA0C75B0-5E91-4142-9055-FD6AE1AA7164}
	EndGlobalSection
EndGlobal
